
Microsoft Visual Studio Solution File, Format Version 12.00
# Visual Studio 15
VisualStudioVersion = 15.0.28010.2003
MinimumVisualStudioVersion = 10.0.40219.1
Project("{9A19103F-16F7-4668-BE54-9A1E7A4F7556}") = "DesignPatterns.Behavioral.Strategy.Consumer", "DesignPatterns.Behavioral.Strategy.Consumer\DesignPatterns.Behavioral.Strategy.Consumer.csproj", "{17FD40B5-1DED-4FE1-BECA-87583E1B185E}"
EndProject
Project("{9A19103F-16F7-4668-BE54-9A1E7A4F7556}") = "DesignPatterns.Behavioral.Strategy", "DesignPatterns.Behavioral.Strategy\DesignPatterns.Behavioral.Strategy.csproj", "{BBCBF456-BB85-4714-AB86-62096C660722}"
EndProject
Project("{2150E333-8FDC-42A3-9474-1A3956D46DE8}") = "Behavioral", "Behavioral", "{0BB3FCB7-454B-4FED-92AD-EFEB826A480D}"
EndProject
Project("{2150E333-8FDC-42A3-9474-1A3956D46DE8}") = "Creational", "Creational", "{AF71ACA5-C8AF-44EE-8694-CBCD6948D5D4}"
EndProject
Project("{9A19103F-16F7-4668-BE54-9A1E7A4F7556}") = "DesignPatterns.Creational.Singleton", "DesignPatterns.Creational.Singleton\DesignPatterns.Creational.Singleton.csproj", "{563F4F2A-F1BA-4555-BE61-9FC84D946EF2}"
EndProject
Project("{9A19103F-16F7-4668-BE54-9A1E7A4F7556}") = "DesignPatterns.Creational.Singleton.Consumer", "DesignPatterns.Creational.Singleton.Consumer\DesignPatterns.Creational.Singleton.Consumer.csproj", "{DEC71DF6-3585-4B33-9FDC-E7D283A6AD1F}"
EndProject
Project("{2150E333-8FDC-42A3-9474-1A3956D46DE8}") = "Strategy", "Strategy", "{97029913-7A46-46C7-A6DF-1B45D0648784}"
EndProject
Project("{2150E333-8FDC-42A3-9474-1A3956D46DE8}") = "Singleton", "Singleton", "{0AA3E15D-524D-4076-8E98-D0C000B08225}"
EndProject
Project("{2150E333-8FDC-42A3-9474-1A3956D46DE8}") = "Structural", "Structural", "{51D6D0AC-9783-4579-98CA-AA47876F50E8}"
EndProject
Project("{2150E333-8FDC-42A3-9474-1A3956D46DE8}") = "Adapter", "Adapter", "{69FEDA20-7437-4E93-86F3-ACA1DAB41B57}"
EndProject
Project("{2150E333-8FDC-42A3-9474-1A3956D46DE8}") = "Facade", "Facade", "{A57CDD2B-4345-4FF3-B158-4475B5AE7787}"
EndProject
Project("{2150E333-8FDC-42A3-9474-1A3956D46DE8}") = "ChainOfResponsibilities", "ChainOfResponsibilities", "{5075B384-7C0F-485A-9535-A611EDED0990}"
EndProject
Project("{2150E333-8FDC-42A3-9474-1A3956D46DE8}") = "Observer", "Observer", "{49482BC1-17EA-4454-A9D9-33F487257E32}"
EndProject
Project("{2150E333-8FDC-42A3-9474-1A3956D46DE8}") = "FactoryMethod", "FactoryMethod", "{4E165F5C-EACB-4B0B-B6E2-8BB55CD3EE8E}"
EndProject
Project("{2150E333-8FDC-42A3-9474-1A3956D46DE8}") = "AbstractFactory", "AbstractFactory", "{97AA5C2C-EB7A-4CBB-A1D1-551B0D92155D}"
EndProject
Project("{2150E333-8FDC-42A3-9474-1A3956D46DE8}") = "Persistence", "Persistence", "{8B45DC10-66BF-4589-AA29-09E8CFF0FAEE}"
EndProject
Project("{FAE04EC0-301F-11D3-BF4B-00C04F79EFBC}") = "DesignPatterns.Persistence.RepositoryPattern", "DesignPatterns.Persistence.RepositoryPattern\DesignPatterns.Persistence.RepositoryPattern.csproj", "{C94C94EB-6997-4847-B1CA-6DAE5298E0A2}"
EndProject
Project("{2150E333-8FDC-42A3-9474-1A3956D46DE8}") = "Repository", "Repository", "{6ED53306-4920-49A9-905F-2800BF6DC461}"
EndProject
Project("{FAE04EC0-301F-11D3-BF4B-00C04F79EFBC}") = "DesignPatterns.Persistence.RepositoryPattern.Consumer", "DesignPatterns.Persistence.RepositoryPattern.Consumer\DesignPatterns.Persistence.RepositoryPattern.Consumer.csproj", "{3320B3EB-D703-4621-8F1A-39F897A32BC0}"
EndProject
Global
	GlobalSection(SolutionConfigurationPlatforms) = preSolution
		Debug|Any CPU = Debug|Any CPU
		Release|Any CPU = Release|Any CPU
	EndGlobalSection
	GlobalSection(ProjectConfigurationPlatforms) = postSolution
		{17FD40B5-1DED-4FE1-BECA-87583E1B185E}.Debug|Any CPU.ActiveCfg = Debug|Any CPU
		{17FD40B5-1DED-4FE1-BECA-87583E1B185E}.Debug|Any CPU.Build.0 = Debug|Any CPU
		{17FD40B5-1DED-4FE1-BECA-87583E1B185E}.Release|Any CPU.ActiveCfg = Release|Any CPU
		{17FD40B5-1DED-4FE1-BECA-87583E1B185E}.Release|Any CPU.Build.0 = Release|Any CPU
		{BBCBF456-BB85-4714-AB86-62096C660722}.Debug|Any CPU.ActiveCfg = Debug|Any CPU
		{BBCBF456-BB85-4714-AB86-62096C660722}.Debug|Any CPU.Build.0 = Debug|Any CPU
		{BBCBF456-BB85-4714-AB86-62096C660722}.Release|Any CPU.ActiveCfg = Release|Any CPU
		{BBCBF456-BB85-4714-AB86-62096C660722}.Release|Any CPU.Build.0 = Release|Any CPU
		{563F4F2A-F1BA-4555-BE61-9FC84D946EF2}.Debug|Any CPU.ActiveCfg = Debug|Any CPU
		{563F4F2A-F1BA-4555-BE61-9FC84D946EF2}.Debug|Any CPU.Build.0 = Debug|Any CPU
		{563F4F2A-F1BA-4555-BE61-9FC84D946EF2}.Release|Any CPU.ActiveCfg = Release|Any CPU
		{563F4F2A-F1BA-4555-BE61-9FC84D946EF2}.Release|Any CPU.Build.0 = Release|Any CPU
		{DEC71DF6-3585-4B33-9FDC-E7D283A6AD1F}.Debug|Any CPU.ActiveCfg = Debug|Any CPU
		{DEC71DF6-3585-4B33-9FDC-E7D283A6AD1F}.Debug|Any CPU.Build.0 = Debug|Any CPU
		{DEC71DF6-3585-4B33-9FDC-E7D283A6AD1F}.Release|Any CPU.ActiveCfg = Release|Any CPU
		{DEC71DF6-3585-4B33-9FDC-E7D283A6AD1F}.Release|Any CPU.Build.0 = Release|Any CPU
		{C94C94EB-6997-4847-B1CA-6DAE5298E0A2}.Debug|Any CPU.ActiveCfg = Debug|Any CPU
		{C94C94EB-6997-4847-B1CA-6DAE5298E0A2}.Debug|Any CPU.Build.0 = Debug|Any CPU
		{C94C94EB-6997-4847-B1CA-6DAE5298E0A2}.Release|Any CPU.ActiveCfg = Release|Any CPU
		{C94C94EB-6997-4847-B1CA-6DAE5298E0A2}.Release|Any CPU.Build.0 = Release|Any CPU
		{3320B3EB-D703-4621-8F1A-39F897A32BC0}.Debug|Any CPU.ActiveCfg = Debug|Any CPU
		{3320B3EB-D703-4621-8F1A-39F897A32BC0}.Debug|Any CPU.Build.0 = Debug|Any CPU
		{3320B3EB-D703-4621-8F1A-39F897A32BC0}.Release|Any CPU.ActiveCfg = Release|Any CPU
		{3320B3EB-D703-4621-8F1A-39F897A32BC0}.Release|Any CPU.Build.0 = Release|Any CPU
	EndGlobalSection
	GlobalSection(SolutionProperties) = preSolution
		HideSolutionNode = FALSE
	EndGlobalSection
	GlobalSection(NestedProjects) = preSolution
		{17FD40B5-1DED-4FE1-BECA-87583E1B185E} = {97029913-7A46-46C7-A6DF-1B45D0648784}
		{BBCBF456-BB85-4714-AB86-62096C660722} = {97029913-7A46-46C7-A6DF-1B45D0648784}
		{563F4F2A-F1BA-4555-BE61-9FC84D946EF2} = {0AA3E15D-524D-4076-8E98-D0C000B08225}
		{DEC71DF6-3585-4B33-9FDC-E7D283A6AD1F} = {0AA3E15D-524D-4076-8E98-D0C000B08225}
		{97029913-7A46-46C7-A6DF-1B45D0648784} = {0BB3FCB7-454B-4FED-92AD-EFEB826A480D}
		{0AA3E15D-524D-4076-8E98-D0C000B08225} = {AF71ACA5-C8AF-44EE-8694-CBCD6948D5D4}
		{69FEDA20-7437-4E93-86F3-ACA1DAB41B57} = {51D6D0AC-9783-4579-98CA-AA47876F50E8}
		{A57CDD2B-4345-4FF3-B158-4475B5AE7787} = {51D6D0AC-9783-4579-98CA-AA47876F50E8}
		{5075B384-7C0F-485A-9535-A611EDED0990} = {0BB3FCB7-454B-4FED-92AD-EFEB826A480D}
		{49482BC1-17EA-4454-A9D9-33F487257E32} = {0BB3FCB7-454B-4FED-92AD-EFEB826A480D}
		{4E165F5C-EACB-4B0B-B6E2-8BB55CD3EE8E} = {AF71ACA5-C8AF-44EE-8694-CBCD6948D5D4}
		{97AA5C2C-EB7A-4CBB-A1D1-551B0D92155D} = {AF71ACA5-C8AF-44EE-8694-CBCD6948D5D4}
		{C94C94EB-6997-4847-B1CA-6DAE5298E0A2} = {6ED53306-4920-49A9-905F-2800BF6DC461}
		{6ED53306-4920-49A9-905F-2800BF6DC461} = {8B45DC10-66BF-4589-AA29-09E8CFF0FAEE}
		{3320B3EB-D703-4621-8F1A-39F897A32BC0} = {6ED53306-4920-49A9-905F-2800BF6DC461}
	EndGlobalSection
	GlobalSection(ExtensibilityGlobals) = postSolution
		SolutionGuid = {B1C487A2-3BAA-4072-BE29-D8312A1EB606}
	EndGlobalSection
EndGlobal
