
Microsoft Visual Studio Solution File, Format Version 12.00
# Visual Studio 15
VisualStudioVersion = 15.0.28010.2003
MinimumVisualStudioVersion = 10.0.40219.1
Project("{FAE04EC0-301F-11D3-BF4B-00C04F79EFBC}") = "DesignPatterns.Behavioral.Strategy.Consumer", "DesignPatterns.Behavioral.Strategy.Consumer\DesignPatterns.Behavioral.Strategy.Consumer.csproj", "{17FD40B5-1DED-4FE1-BECA-87583E1B185E}"
EndProject
Project("{FAE04EC0-301F-11D3-BF4B-00C04F79EFBC}") = "DesignPatterns.Behavioral.Strategy", "DesignPatterns.Behavioral.Strategy\DesignPatterns.Behavioral.Strategy.csproj", "{BBCBF456-BB85-4714-AB86-62096C660722}"
EndProject
Global
	GlobalSection(SolutionConfigurationPlatforms) = preSolution
		Debug|Any CPU = Debug|Any CPU
		Release|Any CPU = Release|Any CPU
	EndGlobalSection
	GlobalSection(ProjectConfigurationPlatforms) = postSolution
		{17FD40B5-1DED-4FE1-BECA-87583E1B185E}.Debug|Any CPU.ActiveCfg = Debug|Any CPU
		{17FD40B5-1DED-4FE1-BECA-87583E1B185E}.Debug|Any CPU.Build.0 = Debug|Any CPU
		{17FD40B5-1DED-4FE1-BECA-87583E1B185E}.Release|Any CPU.ActiveCfg = Release|Any CPU
		{17FD40B5-1DED-4FE1-BECA-87583E1B185E}.Release|Any CPU.Build.0 = Release|Any CPU
		{BBCBF456-BB85-4714-AB86-62096C660722}.Debug|Any CPU.ActiveCfg = Debug|Any CPU
		{BBCBF456-BB85-4714-AB86-62096C660722}.Debug|Any CPU.Build.0 = Debug|Any CPU
		{BBCBF456-BB85-4714-AB86-62096C660722}.Release|Any CPU.ActiveCfg = Release|Any CPU
		{BBCBF456-BB85-4714-AB86-62096C660722}.Release|Any CPU.Build.0 = Release|Any CPU
	EndGlobalSection
	GlobalSection(SolutionProperties) = preSolution
		HideSolutionNode = FALSE
	EndGlobalSection
	GlobalSection(ExtensibilityGlobals) = postSolution
		SolutionGuid = {B1C487A2-3BAA-4072-BE29-D8312A1EB606}
	EndGlobalSection
EndGlobal
